
Microsoft Visual Studio Solution File, Format Version 12.00
# Visual Studio Version 17
VisualStudioVersion = 17.5.2.0
MinimumVisualStudioVersion = 10.0.40219.1
Project("{FAE04EC0-301F-11D3-BF4B-00C04F79EFBC}") = "пр7", "пр7.csproj", "{8660F7D5-0F03-2748-EAB7-9306BBDADEFE}"
EndProject
Global
	GlobalSection(SolutionConfigurationPlatforms) = preSolution
		Debug|Any CPU = Debug|Any CPU
		Release|Any CPU = Release|Any CPU
	EndGlobalSection
	GlobalSection(ProjectConfigurationPlatforms) = postSolution
		{8660F7D5-0F03-2748-EAB7-9306BBDADEFE}.Debug|Any CPU.ActiveCfg = Debug|Any CPU
		{8660F7D5-0F03-2748-EAB7-9306BBDADEFE}.Debug|Any CPU.Build.0 = Debug|Any CPU
		{8660F7D5-0F03-2748-EAB7-9306BBDADEFE}.Release|Any CPU.ActiveCfg = Release|Any CPU
		{8660F7D5-0F03-2748-EAB7-9306BBDADEFE}.Release|Any CPU.Build.0 = Release|Any CPU
	EndGlobalSection
	GlobalSection(SolutionProperties) = preSolution
		HideSolutionNode = FALSE
	EndGlobalSection
	GlobalSection(ExtensibilityGlobals) = postSolution
		SolutionGuid = {560C51B1-A0E3-440F-B988-08461ADC4F29}
	EndGlobalSection
EndGlobal
